<Solution>
  <Folder Name="/src/">
    <Project Path="src/Affiant.Abstractions/Affiant.Abstractions.csproj" />
    <Project Path="src/Affiant.Core/Affiant.Core.csproj" />
    <Project Path="src/Affiant.SemanticKernel/Affiant.SemanticKernel.csproj" />
    <Project Path="src/Affiant.AgentFramework/Affiant.AgentFramework.csproj" />
    <Project Path="src/Affiant.Transport.SignalR/Affiant.Transport.SignalR.csproj" />
    <Project Path="src/Affiant.EntityFramework/Affiant.EntityFramework.csproj" />
    <Project Path="src/Affiant.Docket/Affiant.Docket.csproj" />
    <Project Path="src/Affiant.Policies/Affiant.Policies.csproj" />
    <Project Path="src/Affiant.Testing.ComplianceHarness/Affiant.Testing.ComplianceHarness.csproj" />
    <Project Path="src/Affiant.Extensions.AI/Affiant.Extensions.AI.csproj" />
  </Folder>
  <Folder Name="/tests/">
    <Project Path="tests/Affiant.TestInfrastructure/Affiant.TestInfrastructure.csproj" />
    <Project Path="tests/Affiant.Abstractions.Tests/Affiant.Abstractions.Tests.csproj" />
    <Project Path="tests/Affiant.Core.Tests/Affiant.Core.Tests.csproj" />
    <Project Path="tests/Affiant.Transport.SignalR.Tests/Affiant.Transport.SignalR.Tests.csproj" />
    <Project Path="tests/Affiant.EntityFramework.Tests/Affiant.EntityFramework.Tests.csproj" />
    <Project Path="tests/Affiant.Docket.Tests/Affiant.Docket.Tests.csproj" />
    <Project Path="tests/Affiant.Policies.Tests/Affiant.Policies.Tests.csproj" />
    <Project Path="tests/Affiant.SemanticKernel.Tests/Affiant.SemanticKernel.Tests.csproj" />
    <Project Path="tests/Affiant.AgentFramework.Tests/Affiant.AgentFramework.Tests.csproj" />
    <Project Path="tests/Affiant.Testing.ComplianceHarness.Tests/Affiant.Testing.ComplianceHarness.Tests.csproj" />
    <Project Path="tests/Affiant.Extensions.AI.Tests/Affiant.Extensions.AI.Tests.csproj" />
  </Folder>
</Solution>
